github.com/Hundemeier/go-sacn/sacn v0.0.0-20221003163232-00e6fbef50ad h1:2aEVdLjBRx/6ZhkaTAJAxMFWsM+1K7peaFNYcX51Xbk=
github.com/Hundemeier/go-sacn/sacn v0.0.0-20221003163232-00e6fbef50ad/go.mod h1:VNysAu18mov+2Wj3lgtZt8EeUM1poHgalmOLa0FuCas=
github.com/creack/goselect v0.1.2 h1:2DNy14+JPjRBgPzAd1thbQp4BSIihxcBf0IXhQXDRa0=
github.com/creack/goselect v0.1.2/go.mod h1:a/NhLweNvqIYMuxcMOuWY516Cimucms3DglDzQP3hKY=
github.com/jessevdk/go-flags v1.5.0 h1:1jKYvbxEjfUl0fmqTCOfonvskHHXMjBySTLW4y9LFvc=
github.com/jessevdk/go-flags v1.5.0/go.mod h1:Fw0T6WPc1dYxT4mKEZRfG5kJhaTDP9pj1c2EWnYs/m4=
github.com/stianeikeland/go-rpio/v4 v4.6.0 h1:eAJgtw3jTtvn/CqwbC82ntcS+dtzUTgo5qlZKe677EY=
github.com/stianeikeland/go-rpio/v4 v4.6.0/go.mod h1:A3GvHxC1Om5zaId+HqB3HKqx4K/AqeckxB7qRjxMK7o=
github.com/uncleeugene/goftdi v0.0.0-20231222121057-ee97dafc52c7 h1:Md4COZziOLw+P+Hs/CkVA3fx4MndB8uRKHuIOpDjCZs=
github.com/uncleeugene/goftdi v0.0.0-20231222121057-ee97dafc52c7/go.mod h1:D8gi16IErUk0rhexBfLqdJbPOFp42et/6uDSQgF8bBw=
github.com/uncleeugene/goftdi v0.0.0-20231222141427-acb49e48f0e2 h1:4ZWKU+DmKDAS6OlVkwztmoA+7vT4BgBpz9VBTIygKV0=
github.com/uncleeugene/goftdi v0.0.0-20231222141427-acb49e48f0e2/go.mod h1:D8gi16IErUk0rhexBfLqdJbPOFp42et/6uDSQgF8bBw=
go.bug.st/serial v1.6.1 h1:VSSWmUxlj1T/YlRo2J104Zv3wJFrjHIl/T3NeruWAHY=
go.bug.st/serial v1.6.1/go.mod h1:UABfsluHAiaNI+La2iESysd9Vetq7VRdpxvjx7CmmOE=
golang.org/x/net v0.0.0-20221002022538-bcab6841153b/go.mod h1:YDH+HFinaLZZlnHAfSS6ZXJJ9M9t4Dl22yv3iI2vPwk=
golang.org/x/net v0.19.0 h1:zTwKpTd2XuCqf8huc7Fo2iSy+4RHPd10s4KzeTnVr1c=
golang.org/x/net v0.19.0/go.mod h1:CfAk/cbD4CthTvqiEl8NpboMuiuOYsAr/7NOjZJtv1U=
golang.org/x/sys v0.0.0-20210320140829-1e4c9ba3b0c4/go.mod h1:h1NjWce9XRLGQEsW7wpKNCjG9DtNlClVuFLEZdDNbEs=
golang.org/x/sys v0.0.0-20210615035016-665e8c7367d1/go.mod h1:oPkhp1MJrh7nUepCBck5+mAzfO9JrbApNNgaTdGDITg=
golang.org/x/sys v0.0.0-20220728004956-3c1f35247d10/go.mod h1:oPkhp1MJrh7nUepCBck5+mAzfO9JrbApNNgaTdGDITg=
golang.org/x/sys v0.15.0 h1:h48lPFYpsTvQJZF4EKyI4aLHaev3CxivZmv7yZig9pc=
golang.org/x/sys v0.15.0/go.mod h1:/VUhepiaJMQUp4+oa/7Zr1D23ma6VTLIYjOOTFZPUcA=
golang.org/x/term v0.0.0-20210927222741-03fcf44c2211/go.mod h1:jbD1KX2456YbFQfuXm/mYQcufACuNUgVhRMnK/tPxf8=
golang.org/x/text v0.3.7/go.mod h1:u+2+/6zg+i71rQMx5EYifcz6MCKuco9NR6JIITiCfzQ=
golang.org/x/tools v0.0.0-20180917221912-90fa682c2a6e/go.mod h1:n7NCudcB/nEzxVGmLbDWY5pfWTLqBcC2KZ6jyYvM4mQ=
